
Microsoft Visual Studio Solution File, Format Version 12.00
# Visual Studio Version 16
VisualStudioVersion = 16.0.808.5
MinimumVisualStudioVersion = 10.0.40219.1
Project("{FAE04EC0-301F-11D3-BF4B-00C04F79EFBC}") = "Assignment3", "Assignment3\Assignment3.csproj", "{1A1365E4-7768-46F8-9BF7-7208D0B5103C}"
EndProject
Global
	GlobalSection(SolutionConfigurationPlatforms) = preSolution
		Debug|Any CPU = Debug|Any CPU
		Release|Any CPU = Release|Any CPU
	EndGlobalSection
	GlobalSection(ProjectConfigurationPlatforms) = postSolution
		{1A1365E4-7768-46F8-9BF7-7208D0B5103C}.Debug|Any CPU.ActiveCfg = Debug|Any CPU
		{1A1365E4-7768-46F8-9BF7-7208D0B5103C}.Debug|Any CPU.Build.0 = Debug|Any CPU
		{1A1365E4-7768-46F8-9BF7-7208D0B5103C}.Release|Any CPU.ActiveCfg = Release|Any CPU
		{1A1365E4-7768-46F8-9BF7-7208D0B5103C}.Release|Any CPU.Build.0 = Release|Any CPU
	EndGlobalSection
	GlobalSection(SolutionProperties) = preSolution
		HideSolutionNode = FALSE
	EndGlobalSection
	GlobalSection(ExtensibilityGlobals) = postSolution
		SolutionGuid = {44E7D772-8F3D-49FA-AB35-F8EC984A8278}
	EndGlobalSection
EndGlobal
